// !$*UTF8*$!
{
	archiveVersion = 1;
	classes = {
	};
	objectVersion = 50;
	objects = {

/* Begin PBXBuildFile section */
		08AF3CF523D62BA20086B5BD /* AppDelegate.swift in Sources */ = {isa = PBXBuildFile; fileRef = 08AF3CF423D62BA20086B5BD /* AppDelegate.swift */; };
		08AF3CF723D62BA20086B5BD /* SceneDelegate.swift in Sources */ = {isa = PBXBuildFile; fileRef = 08AF3CF623D62BA20086B5BD /* SceneDelegate.swift */; };
		08AF3CF923D62BA20086B5BD /* ViewController.swift in Sources */ = {isa = PBXBuildFile; fileRef = 08AF3CF823D62BA20086B5BD /* ViewController.swift */; };
		08AF3CFC23D62BA20086B5BD /* Main.storyboard in Resources */ = {isa = PBXBuildFile; fileRef = 08AF3CFA23D62BA20086B5BD /* Main.storyboard */; };
		08AF3CFE23D62BA40086B5BD /* Assets.xcassets in Resources */ = {isa = PBXBuildFile; fileRef = 08AF3CFD23D62BA40086B5BD /* Assets.xcassets */; };
		08AF3D0123D62BA40086B5BD /* LaunchScreen.storyboard in Resources */ = {isa = PBXBuildFile; fileRef = 08AF3CFF23D62BA40086B5BD /* LaunchScreen.storyboard */; };
		08AF3D0A23D62D780086B5BD /* NetworkManager.swift in Sources */ = {isa = PBXBuildFile; fileRef = 08AF3D0923D62D780086B5BD /* NetworkManager.swift */; };
		08AF3D0C23D636650086B5BD /* APIRequests.swift in Sources */ = {isa = PBXBuildFile; fileRef = 08AF3D0B23D636650086B5BD /* APIRequests.swift */; };
		08AF3D0F23D63ACE0086B5BD /* StructProduct.swift in Sources */ = {isa = PBXBuildFile; fileRef = 08AF3D0E23D63ACE0086B5BD /* StructProduct.swift */; };
/* End PBXBuildFile section */

/* Begin PBXFileReference section */
		08AF3CF123D62BA20086B5BD /* Clothes Store.app */ = {isa = PBXFileReference; explicitFileType = wrapper.application; includeInIndex = 0; path = "Clothes Store.app"; sourceTree = BUILT_PRODUCTS_DIR; };
		08AF3CF423D62BA20086B5BD /* AppDelegate.swift */ = {isa = PBXFileReference; lastKnownFileType = sourcecode.swift; path = AppDelegate.swift; sourceTree = "<group>"; };
		08AF3CF623D62BA20086B5BD /* SceneDelegate.swift */ = {isa = PBXFileReference; lastKnownFileType = sourcecode.swift; path = SceneDelegate.swift; sourceTree = "<group>"; };
		08AF3CF823D62BA20086B5BD /* ViewController.swift */ = {isa = PBXFileReference; lastKnownFileType = sourcecode.swift; path = ViewController.swift; sourceTree = "<group>"; };
		08AF3CFB23D62BA20086B5BD /* Base */ = {isa = PBXFileReference; lastKnownFileType = file.storyboard; name = Base; path = Base.lproj/Main.storyboard; sourceTree = "<group>"; };
		08AF3CFD23D62BA40086B5BD /* Assets.xcassets */ = {isa = PBXFileReference; lastKnownFileType = folder.assetcatalog; path = Assets.xcassets; sourceTree = "<group>"; };
		08AF3D0023D62BA40086B5BD /* Base */ = {isa = PBXFileReference; lastKnownFileType = file.storyboard; name = Base; path = Base.lproj/LaunchScreen.storyboard; sourceTree = "<group>"; };
		08AF3D0223D62BA40086B5BD /* Info.plist */ = {isa = PBXFileReference; lastKnownFileType = text.plist.xml; path = Info.plist; sourceTree = "<group>"; };
		08AF3D0923D62D780086B5BD /* NetworkManager.swift */ = {isa = PBXFileReference; lastKnownFileType = sourcecode.swift; path = NetworkManager.swift; sourceTree = "<group>"; };
		08AF3D0B23D636650086B5BD /* APIRequests.swift */ = {isa = PBXFileReference; lastKnownFileType = sourcecode.swift; path = APIRequests.swift; sourceTree = "<group>"; };
		08AF3D0E23D63ACE0086B5BD /* StructProduct.swift */ = {isa = PBXFileReference; lastKnownFileType = sourcecode.swift; path = StructProduct.swift; sourceTree = "<group>"; };
/* End PBXFileReference section */

/* Begin PBXFrameworksBuildPhase section */
		08AF3CEE23D62BA20086B5BD /* Frameworks */ = {
			isa = PBXFrameworksBuildPhase;
			buildActionMask = 2147483647;
			files = (
			);
			runOnlyForDeploymentPostprocessing = 0;
		};
/* End PBXFrameworksBuildPhase section */

/* Begin PBXGroup section */
		08AF3CE823D62BA20086B5BD = {
			isa = PBXGroup;
			children = (
				08AF3CF323D62BA20086B5BD /* Clothes Store */,
				08AF3CF223D62BA20086B5BD /* Products */,
			);
			sourceTree = "<group>";
		};
		08AF3CF223D62BA20086B5BD /* Products */ = {
			isa = PBXGroup;
			children = (
				08AF3CF123D62BA20086B5BD /* Clothes Store.app */,
			);
			name = Products;
			sourceTree = "<group>";
		};
		08AF3CF323D62BA20086B5BD /* Clothes Store */ = {
			isa = PBXGroup;
			children = (
				08AF3D0D23D63ABB0086B5BD /* Struct */,
				08AF3D0823D62D590086B5BD /* Network Manager */,
				08AF3CF423D62BA20086B5BD /* AppDelegate.swift */,
				08AF3CF623D62BA20086B5BD /* SceneDelegate.swift */,
				08AF3CF823D62BA20086B5BD /* ViewController.swift */,
				08AF3CFA23D62BA20086B5BD /* Main.storyboard */,
				08AF3CFD23D62BA40086B5BD /* Assets.xcassets */,
				08AF3CFF23D62BA40086B5BD /* LaunchScreen.storyboard */,
				08AF3D0223D62BA40086B5BD /* Info.plist */,
			);
			path = "Clothes Store";
			sourceTree = "<group>";
		};
		08AF3D0823D62D590086B5BD /* Network Manager */ = {
			isa = PBXGroup;
			children = (
				08AF3D0923D62D780086B5BD /* NetworkManager.swift */,
				08AF3D0B23D636650086B5BD /* APIRequests.swift */,
			);
			path = "Network Manager";
			sourceTree = "<group>";
		};
		08AF3D0D23D63ABB0086B5BD /* Struct */ = {
			isa = PBXGroup;
			children = (
				08AF3D0E23D63ACE0086B5BD /* StructProduct.swift */,
			);
			path = Struct;
			sourceTree = "<group>";
		};
/* End PBXGroup section */

/* Begin PBXNativeTarget section */
		08AF3CF023D62BA20086B5BD /* Clothes Store */ = {
			isa = PBXNativeTarget;
			buildConfigurationList = 08AF3D0523D62BA40086B5BD /* Build configuration list for PBXNativeTarget "Clothes Store" */;
			buildPhases = (
				08AF3CED23D62BA20086B5BD /* Sources */,
				08AF3CEE23D62BA20086B5BD /* Frameworks */,
				08AF3CEF23D62BA20086B5BD /* Resources */,
			);
			buildRules = (
			);
			dependencies = (
			);
			name = "Clothes Store";
			productName = "Clothes Store";
			productReference = 08AF3CF123D62BA20086B5BD /* Clothes Store.app */;
			productType = "com.apple.product-type.application";
		};
/* End PBXNativeTarget section */

/* Begin PBXProject section */
		08AF3CE923D62BA20086B5BD /* Project object */ = {
			isa = PBXProject;
			attributes = {
				LastSwiftUpdateCheck = 1130;
				LastUpgradeCheck = 1130;
				ORGANIZATIONNAME = "Daniele Rapali";
				TargetAttributes = {
					08AF3CF023D62BA20086B5BD = {
						CreatedOnToolsVersion = 11.3.1;
					};
				};
			};
			buildConfigurationList = 08AF3CEC23D62BA20086B5BD /* Build configuration list for PBXProject "Clothes Store" */;
			compatibilityVersion = "Xcode 9.3";
			developmentRegion = en;
			hasScannedForEncodings = 0;
			knownRegions = (
				en,
				Base,
			);
			mainGroup = 08AF3CE823D62BA20086B5BD;
			productRefGroup = 08AF3CF223D62BA20086B5BD /* Products */;
			projectDirPath = "";
			projectRoot = "";
			targets = (
				08AF3CF023D62BA20086B5BD /* Clothes Store */,
			);
		};
/* End PBXProject section */

/* Begin PBXResourcesBuildPhase section */
		08AF3CEF23D62BA20086B5BD /* Resources */ = {
			isa = PBXResourcesBuildPhase;
			buildActionMask = 2147483647;
			files = (
				08AF3D0123D62BA40086B5BD /* LaunchScreen.storyboard in Resources */,
				08AF3CFE23D62BA40086B5BD /* Assets.xcassets in Resources */,
				08AF3CFC23D62BA20086B5BD /* Main.storyboard in Resources */,
			);
			runOnlyForDeploymentPostprocessing = 0;
		};
/* End PBXResourcesBuildPhase section */

/* Begin PBXSourcesBuildPhase section */
		08AF3CED23D62BA20086B5BD /* Sources */ = {
			isa = PBXSourcesBuildPhase;
			buildActionMask = 2147483647;
			files = (
				08AF3D0A23D62D780086B5BD /* NetworkManager.swift in Sources */,
				08AF3CF923D62BA20086B5BD /* ViewController.swift in Sources */,
				08AF3D0C23D636650086B5BD /* APIRequests.swift in Sources */,
				08AF3CF523D62BA20086B5BD /* AppDelegate.swift in Sources */,
				08AF3D0F23D63ACE0086B5BD /* StructProduct.swift in Sources */,
				08AF3CF723D62BA20086B5BD /* SceneDelegate.swift in Sources */,
			);
			runOnlyForDeploymentPostprocessing = 0;
		};
/* End PBXSourcesBuildPhase section */

/* Begin PBXVariantGroup section */
		08AF3CFA23D62BA20086B5BD /* Main.storyboard */ = {
			isa = PBXVariantGroup;
			children = (
				08AF3CFB23D62BA20086B5BD /* Base */,
			);
			name = Main.storyboard;
			sourceTree = "<group>";
		};
		08AF3CFF23D62BA40086B5BD /* LaunchScreen.storyboard */ = {
			isa = PBXVariantGroup;
			children = (
				08AF3D0023D62BA40086B5BD /* Base */,
			);
			name = LaunchScreen.storyboard;
			sourceTree = "<group>";
		};
/* End PBXVariantGroup section */

/* Begin XCBuildConfiguration section */
		08AF3D0323D62BA40086B5BD /* Debug */ = {
			isa = XCBuildConfiguration;
			buildSettings = {
				ALWAYS_SEARCH_USER_PATHS = NO;
				CLANG_ANALYZER_NONNULL = YES;
				CLANG_ANALYZER_NUMBER_OBJECT_CONVERSION = YES_AGGRESSIVE;
				CLANG_CXX_LANGUAGE_STANDARD = "gnu++14";
				CLANG_CXX_LIBRARY = "libc++";
				CLANG_ENABLE_MODULES = YES;
				CLANG_ENABLE_OBJC_ARC = YES;
				CLANG_ENABLE_OBJC_WEAK = YES;
				CLANG_WARN_BLOCK_CAPTURE_AUTORELEASING = YES;
				CLANG_WARN_BOOL_CONVERSION = YES;
				CLANG_WARN_COMMA = YES;
				CLANG_WARN_CONSTANT_CONVERSION = YES;
				CLANG_WARN_DEPRECATED_OBJC_IMPLEMENTATIONS = YES;
				CLANG_WARN_DIRECT_OBJC_ISA_USAGE = YES_ERROR;
				CLANG_WARN_DOCUMENTATION_COMMENTS = YES;
				CLANG_WARN_EMPTY_BODY = YES;
				CLANG_WARN_ENUM_CONVERSION = YES;
				CLANG_WARN_INFINITE_RECURSION = YES;
				CLANG_WARN_INT_CONVERSION = YES;
				CLANG_WARN_NON_LITERAL_NULL_CONVERSION = YES;
				CLANG_WARN_OBJC_IMPLICIT_RETAIN_SELF = YES;
				CLANG_WARN_OBJC_LITERAL_CONVERSION = YES;
				CLANG_WARN_OBJC_ROOT_CLASS = YES_ERROR;
				CLANG_WARN_RANGE_LOOP_ANALYSIS = YES;
				CLANG_WARN_STRICT_PROTOTYPES = YES;
				CLANG_WARN_SUSPICIOUS_MOVE = YES;
				CLANG_WARN_UNGUARDED_AVAILABILITY = YES_AGGRESSIVE;
				CLANG_WARN_UNREACHABLE_CODE = YES;
				CLANG_WARN__DUPLICATE_METHOD_MATCH = YES;
				COPY_PHASE_STRIP = NO;
				DEBUG_INFORMATION_FORMAT = dwarf;
				ENABLE_STRICT_OBJC_MSGSEND = YES;
				ENABLE_TESTABILITY = YES;
				GCC_C_LANGUAGE_STANDARD = gnu11;
				GCC_DYNAMIC_NO_PIC = NO;
				GCC_NO_COMMON_BLOCKS = YES;
				GCC_OPTIMIZATION_LEVEL = 0;
				GCC_PREPROCESSOR_DEFINITIONS = (
					"DEBUG=1",
					"$(inherited)",
				);
				GCC_WARN_64_TO_32_BIT_CONVERSION = YES;
				GCC_WARN_ABOUT_RETURN_TYPE = YES_ERROR;
				GCC_WARN_UNDECLARED_SELECTOR = YES;
				GCC_WARN_UNINITIALIZED_AUTOS = YES_AGGRESSIVE;
				GCC_WARN_UNUSED_FUNCTION = YES;
				GCC_WARN_UNUSED_VARIABLE = YES;
				IPHONEOS_DEPLOYMENT_TARGET = 13.2;
				MTL_ENABLE_DEBUG_INFO = INCLUDE_SOURCE;
				MTL_FAST_MATH = YES;
				ONLY_ACTIVE_ARCH = YES;
				SDKROOT = iphoneos;
				SWIFT_ACTIVE_COMPILATION_CONDITIONS = DEBUG;
				SWIFT_OPTIMIZATION_LEVEL = "-Onone";
			};
			name = Debug;
		};
		08AF3D0423D62BA40086B5BD /* Release */ = {
			isa = XCBuildConfiguration;
			buildSettings = {
				ALWAYS_SEARCH_USER_PATHS = NO;
				CLANG_ANALYZER_NONNULL = YES;
				CLANG_ANALYZER_NUMBER_OBJECT_CONVERSION = YES_AGGRESSIVE;
				CLANG_CXX_LANGUAGE_STANDARD = "gnu++14";
				CLANG_CXX_LIBRARY = "libc++";
				CLANG_ENABLE_MODULES = YES;
				CLANG_ENABLE_OBJC_ARC = YES;
				CLANG_ENABLE_OBJC_WEAK = YES;
				CLANG_WARN_BLOCK_CAPTURE_AUTORELEASING = YES;
				CLANG_WARN_BOOL_CONVERSION = YES;
				CLANG_WARN_COMMA = YES;
				CLANG_WARN_CONSTANT_CONVERSION = YES;
				CLANG_WARN_DEPRECATED_OBJC_IMPLEMENTATIONS = YES;
				CLANG_WARN_DIRECT_OBJC_ISA_USAGE = YES_ERROR;
				CLANG_WARN_DOCUMENTATION_COMMENTS = YES;
				CLANG_WARN_EMPTY_BODY = YES;
				CLANG_WARN_ENUM_CONVERSION = YES;
				CLANG_WARN_INFINITE_RECURSION = YES;
				CLANG_WARN_INT_CONVERSION = YES;
				CLANG_WARN_NON_LITERAL_NULL_CONVERSION = YES;
				CLANG_WARN_OBJC_IMPLICIT_RETAIN_SELF = YES;
				CLANG_WARN_OBJC_LITERAL_CONVERSION = YES;
				CLANG_WARN_OBJC_ROOT_CLASS = YES_ERROR;
				CLANG_WARN_RANGE_LOOP_ANALYSIS = YES;
				CLANG_WARN_STRICT_PROTOTYPES = YES;
				CLANG_WARN_SUSPICIOUS_MOVE = YES;
				CLANG_WARN_UNGUARDED_AVAILABILITY = YES_AGGRESSIVE;
				CLANG_WARN_UNREACHABLE_CODE = YES;
				CLANG_WARN__DUPLICATE_METHOD_MATCH = YES;
				COPY_PHASE_STRIP = NO;
				DEBUG_INFORMATION_FORMAT = "dwarf-with-dsym";
				ENABLE_NS_ASSERTIONS = NO;
				ENABLE_STRICT_OBJC_MSGSEND = YES;
				GCC_C_LANGUAGE_STANDARD = gnu11;
				GCC_NO_COMMON_BLOCKS = YES;
				GCC_WARN_64_TO_32_BIT_CONVERSION = YES;
				GCC_WARN_ABOUT_RETURN_TYPE = YES_ERROR;
				GCC_WARN_UNDECLARED_SELECTOR = YES;
				GCC_WARN_UNINITIALIZED_AUTOS = YES_AGGRESSIVE;
				GCC_WARN_UNUSED_FUNCTION = YES;
				GCC_WARN_UNUSED_VARIABLE = YES;
				IPHONEOS_DEPLOYMENT_TARGET = 13.2;
				MTL_ENABLE_DEBUG_INFO = NO;
				MTL_FAST_MATH = YES;
				SDKROOT = iphoneos;
				SWIFT_COMPILATION_MODE = wholemodule;
				SWIFT_OPTIMIZATION_LEVEL = "-O";
				VALIDATE_PRODUCT = YES;
			};
			name = Release;
		};
		08AF3D0623D62BA40086B5BD /* Debug */ = {
			isa = XCBuildConfiguration;
			buildSettings = {
				ASSETCATALOG_COMPILER_APPICON_NAME = AppIcon;
				CODE_SIGN_STYLE = Automatic;
				INFOPLIST_FILE = "Clothes Store/Info.plist";
				LD_RUNPATH_SEARCH_PATHS = (
					"$(inherited)",
					"@executable_path/Frameworks",
				);
				PRODUCT_BUNDLE_IDENTIFIER = "com.Clothes-Store";
				PRODUCT_NAME = "$(TARGET_NAME)";
				SWIFT_VERSION = 5.0;
				TARGETED_DEVICE_FAMILY = "1,2";
			};
			name = Debug;
		};
		08AF3D0723D62BA40086B5BD /* Release */ = {
			isa = XCBuildConfiguration;
			buildSettings = {
				ASSETCATALOG_COMPILER_APPICON_NAME = AppIcon;
				CODE_SIGN_STYLE = Automatic;
				INFOPLIST_FILE = "Clothes Store/Info.plist";
				LD_RUNPATH_SEARCH_PATHS = (
					"$(inherited)",
					"@executable_path/Frameworks",
				);
				PRODUCT_BUNDLE_IDENTIFIER = "com.Clothes-Store";
				PRODUCT_NAME = "$(TARGET_NAME)";
				SWIFT_VERSION = 5.0;
				TARGETED_DEVICE_FAMILY = "1,2";
			};
			name = Release;
		};
/* End XCBuildConfiguration section */

/* Begin XCConfigurationList section */
		08AF3CEC23D62BA20086B5BD /* Build configuration list for PBXProject "Clothes Store" */ = {
			isa = XCConfigurationList;
			buildConfigurations = (
				08AF3D0323D62BA40086B5BD /* Debug */,
				08AF3D0423D62BA40086B5BD /* Release */,
			);
			defaultConfigurationIsVisible = 0;
			defaultConfigurationName = Release;
		};
		08AF3D0523D62BA40086B5BD /* Build configuration list for PBXNativeTarget "Clothes Store" */ = {
			isa = XCConfigurationList;
			buildConfigurations = (
				08AF3D0623D62BA40086B5BD /* Debug */,
				08AF3D0723D62BA40086B5BD /* Release */,
			);
			defaultConfigurationIsVisible = 0;
			defaultConfigurationName = Release;
		};
/* End XCConfigurationList section */
	};
	rootObject = 08AF3CE923D62BA20086B5BD /* Project object */;
}
